
Microsoft Visual Studio Solution File, Format Version 12.00
# Visual Studio Version 16
VisualStudioVersion = 16.0.30804.86
MinimumVisualStudioVersion = 10.0.40219.1
Project("{FAE04EC0-301F-11D3-BF4B-00C04F79EFBC}") = "ComputerDatabase", "ComputerDatabase.csproj", "{3101EB19-4D0A-4403-AF6B-AD404AF70B55}"
EndProject
Global
	GlobalSection(SolutionConfigurationPlatforms) = preSolution
		Debug|Any CPU = Debug|Any CPU
		Release|Any CPU = Release|Any CPU
	EndGlobalSection
	GlobalSection(ProjectConfigurationPlatforms) = postSolution
		{3101EB19-4D0A-4403-AF6B-AD404AF70B55}.Debug|Any CPU.ActiveCfg = Debug|Any CPU
		{3101EB19-4D0A-4403-AF6B-AD404AF70B55}.Debug|Any CPU.Build.0 = Debug|Any CPU
		{3101EB19-4D0A-4403-AF6B-AD404AF70B55}.Release|Any CPU.ActiveCfg = Release|Any CPU
		{3101EB19-4D0A-4403-AF6B-AD404AF70B55}.Release|Any CPU.Build.0 = Release|Any CPU
	EndGlobalSection
	GlobalSection(SolutionProperties) = preSolution
		HideSolutionNode = FALSE
	EndGlobalSection
	GlobalSection(ExtensibilityGlobals) = postSolution
		SolutionGuid = {3BA4AB4E-68F1-4604-A5EE-08A9D6AE9153}
	EndGlobalSection
EndGlobal
